#MicroXplorer Configuration settings - do not modify
File.Version=6
KeepUserPlacement=false
Mcu.Family=STM32L4
Mcu.IP0=I2C2
Mcu.IP1=I2C3
Mcu.IP10=USART2
Mcu.IP11=USART3
Mcu.IP2=NVIC
Mcu.IP3=QUADSPI
Mcu.IP4=RCC
Mcu.IP5=RTC
Mcu.IP6=SYS
Mcu.IP7=TIM5
Mcu.IP8=UART5
Mcu.IP9=USART1
Mcu.IPNb=12
Mcu.Name=STM32L471Z(E-G)Tx
Mcu.Package=LQFP144
Mcu.Pin0=PE5
Mcu.Pin1=PE6
Mcu.Pin10=PA2
Mcu.Pin11=PA3
Mcu.Pin12=PE10
Mcu.Pin13=PE11
Mcu.Pin14=PE12
Mcu.Pin15=PE13
Mcu.Pin16=PD8
Mcu.Pin17=PD9
Mcu.Pin18=PG7
Mcu.Pin19=PG8
Mcu.Pin2=PC13
Mcu.Pin20=PA9
Mcu.Pin21=PA10
Mcu.Pin22=PA13 (JTMS-SWDIO)
Mcu.Pin23=PA14 (JTCK-SWCLK)
Mcu.Pin24=PC12
Mcu.Pin25=PD0
Mcu.Pin26=PD1
Mcu.Pin27=PD2
Mcu.Pin28=PD3
Mcu.Pin29=PD5
Mcu.Pin3=PC14-OSC32_IN (PC14)
Mcu.Pin30=PD6
Mcu.Pin31=PE1
Mcu.Pin32=VP_RTC_VS_RTC_Activate
Mcu.Pin33=VP_RTC_VS_RTC_Calendar
Mcu.Pin34=VP_SYS_VS_Systick
Mcu.Pin35=VP_TIM5_VS_ClockSourceINT
Mcu.Pin4=PC15-OSC32_OUT (PC15)
Mcu.Pin5=PF0
Mcu.Pin6=PF1
Mcu.Pin7=PF9
Mcu.Pin8=PH0-OSC_IN (PH0)
Mcu.Pin9=PH1-OSC_OUT (PH1)
Mcu.PinsNb=36
Mcu.ThirdPartyNb=0
Mcu.UserConstants=
Mcu.UserName=STM32L471ZETx
MxCube.Version=4.27.0
MxDb.Version=DB.4.0.270
NVIC.BusFault_IRQn=true\:0\:0\:false\:false\:true\:false
NVIC.DebugMonitor_IRQn=true\:0\:0\:false\:false\:true\:false
NVIC.HardFault_IRQn=true\:0\:0\:false\:false\:true\:false
NVIC.MemoryManagement_IRQn=true\:0\:0\:false\:false\:true\:false
NVIC.NonMaskableInt_IRQn=true\:0\:0\:false\:false\:true\:false
NVIC.PendSV_IRQn=true\:0\:0\:false\:false\:true\:false
NVIC.PriorityGroup=NVIC_PRIORITYGROUP_4
NVIC.SVCall_IRQn=true\:0\:0\:false\:false\:true\:false
NVIC.SysTick_IRQn=true\:0\:0\:false\:false\:true\:false
NVIC.TIM5_IRQn=true\:0\:0\:false\:false\:true\:true
NVIC.UART5_IRQn=true\:0\:0\:false\:false\:true\:true
NVIC.UsageFault_IRQn=true\:0\:0\:false\:false\:true\:false
PA10.GPIOParameters=GPIO_Label
PA10.GPIO_Label=RXMCU_L1
PA10.Mode=Asynchronous
PA10.Signal=USART1_RX
PA13\ (JTMS-SWDIO).GPIOParameters=GPIO_Label
PA13\ (JTMS-SWDIO).GPIO_Label=SWD_DIO
PA13\ (JTMS-SWDIO).Mode=Serial_Wire
PA13\ (JTMS-SWDIO).Signal=SYS_JTMS-SWDIO
PA14\ (JTCK-SWCLK).GPIOParameters=GPIO_Label
PA14\ (JTCK-SWCLK).GPIO_Label=SWD_CLK
PA14\ (JTCK-SWCLK).Mode=Serial_Wire
PA14\ (JTCK-SWCLK).Signal=SYS_JTCK-SWCLK
PA2.GPIOParameters=GPIO_Label
PA2.GPIO_Label=TAMPER2
PA2.Locked=true
PA2.Signal=GPIO_Input
PA3.GPIOParameters=GPIO_Label
PA3.GPIO_Label=TAMPER1
PA3.Locked=true
PA3.Signal=GPIO_Input
PA9.GPIOParameters=GPIO_Label
PA9.GPIO_Label=TXMCU_L1
PA9.Mode=Asynchronous
PA9.Signal=USART1_TX
PC12.GPIOParameters=GPIO_Label
PC12.GPIO_Label=MCU_TX_485
PC12.Mode=Asynchronous
PC12.Signal=UART5_TX
PC13.GPIOParameters=GPIO_Label
PC13.GPIO_Label=KEY_2
PC13.Locked=true
PC13.Signal=GPIO_Input
PC14-OSC32_IN\ (PC14).GPIOParameters=GPIO_Label
PC14-OSC32_IN\ (PC14).GPIO_Label=EXOSC32
PC14-OSC32_IN\ (PC14).Mode=LSE-External-Oscillator
PC14-OSC32_IN\ (PC14).Signal=RCC_OSC32_IN
PC15-OSC32_OUT\ (PC15).GPIOParameters=GPIO_Label
PC15-OSC32_OUT\ (PC15).GPIO_Label=XOSC32
PC15-OSC32_OUT\ (PC15).Mode=LSE-External-Oscillator
PC15-OSC32_OUT\ (PC15).Signal=RCC_OSC32_OUT
PCC.Checker=true
PCC.Line=STM32L4x1
PCC.MCU=STM32L471Z(E-G)Tx
PCC.PartNumber=STM32L471ZETx
PCC.Seq0=0
PCC.Series=STM32L4
PCC.Temperature=25
PCC.Vdd=null
PD0.GPIOParameters=GPIO_Label
PD0.GPIO_Label=RX_TX_485
PD0.Locked=true
PD0.Signal=GPIO_Output
PD1.GPIOParameters=GPIO_Label
PD1.GPIO_Label=LED_REACT
PD1.Locked=true
PD1.Signal=GPIO_Output
PD2.GPIOParameters=GPIO_Label
PD2.GPIO_Label=MCU_RX_485
PD2.Mode=Asynchronous
PD2.Signal=UART5_RX
PD3.GPIOParameters=GPIO_Label
PD3.GPIO_Label=LED_ACT
PD3.Locked=true
PD3.Signal=GPIO_Output
PD5.GPIOParameters=GPIO_Label
PD5.GPIO_Label=TXMCU_L3
PD5.Mode=Asynchronous
PD5.Signal=USART2_TX
PD6.GPIOParameters=GPIO_Label
PD6.GPIO_Label=RXMCU_L3
PD6.Mode=Asynchronous
PD6.Signal=USART2_RX
PD8.GPIOParameters=GPIO_Label
PD8.GPIO_Label=TXMCU_L2
PD8.Locked=true
PD8.Mode=Asynchronous
PD8.Signal=USART3_TX
PD9.GPIOParameters=GPIO_Label
PD9.GPIO_Label=RXMCU_L2
PD9.Locked=true
PD9.Mode=Asynchronous
PD9.Signal=USART3_RX
PE1.GPIOParameters=GPIO_Label
PE1.GPIO_Label=LED_BL
PE1.Locked=true
PE1.Signal=GPIO_Output
PE10.GPIOParameters=GPIO_Label
PE10.GPIO_Label=CLK_MEM
PE10.Mode=Single Bank 2IOs
PE10.Signal=QUADSPI_CLK
PE11.GPIOParameters=GPIO_Label
PE11.GPIO_Label=CS_MEM
PE11.Mode=Single Bank 2IOs
PE11.Signal=QUADSPI_NCS
PE12.GPIOParameters=GPIO_Label
PE12.GPIO_Label=MOSI_MEM
PE12.Locked=true
PE12.Mode=Single Bank 2IOs
PE12.Signal=QUADSPI_BK1_IO0
PE13.GPIOParameters=GPIO_Label
PE13.GPIO_Label=MISO_MEM
PE13.Locked=true
PE13.Mode=Single Bank 2IOs
PE13.Signal=QUADSPI_BK1_IO1
PE5.GPIOParameters=GPIO_Label
PE5.GPIO_Label=KEY_3
PE5.Locked=true
PE5.Signal=GPIO_Input
PE6.GPIOParameters=GPIO_Label
PE6.GPIO_Label=KEY_1
PE6.Locked=true
PE6.Signal=GPIO_Input
PF0.GPIOParameters=GPIO_Label
PF0.GPIO_Label=SDA_LCD
PF0.Mode=I2C
PF0.Signal=I2C2_SDA
PF1.GPIOParameters=GPIO_Label
PF1.GPIO_Label=SCL_LCD
PF1.Mode=I2C
PF1.Signal=I2C2_SCL
PF9.GPIOParameters=GPIO_Label
PF9.GPIO_Label=BEEP
PF9.Locked=true
PF9.Signal=S_TIM5_CH4
PG7.GPIOParameters=GPIO_Label
PG7.GPIO_Label=SCL_MEM
PG7.Locked=true
PG7.Mode=I2C
PG7.Signal=I2C3_SCL
PG8.GPIOParameters=GPIO_Label
PG8.GPIO_Label=SDA_MEM
PG8.Locked=true
PG8.Mode=I2C
PG8.Signal=I2C3_SDA
PH0-OSC_IN\ (PH0).GPIOParameters=GPIO_Label
PH0-OSC_IN\ (PH0).GPIO_Label=OSC2
PH0-OSC_IN\ (PH0).Mode=HSE-External-Oscillator
PH0-OSC_IN\ (PH0).Signal=RCC_OSC_IN
PH1-OSC_OUT\ (PH1).GPIOParameters=GPIO_Label
PH1-OSC_OUT\ (PH1).GPIO_Label=OSC1
PH1-OSC_OUT\ (PH1).Mode=HSE-External-Oscillator
PH1-OSC_OUT\ (PH1).Signal=RCC_OSC_OUT
PinOutPanel.RotationAngle=0
ProjectManager.AskForMigrate=true
ProjectManager.BackupPrevious=false
ProjectManager.CompilerOptimize=6
ProjectManager.ComputerToolchain=false
ProjectManager.CoupleFile=false
ProjectManager.CustomerFirmwarePackage=
ProjectManager.DefaultFWLocation=false
ProjectManager.DeletePrevious=true
ProjectManager.DeviceId=STM32L471ZETx
ProjectManager.FirmwarePackage=STM32Cube FW_L4 V1.13.0
ProjectManager.FreePins=false
ProjectManager.HalAssertFull=false
ProjectManager.HeapSize=0x200
ProjectManager.KeepUserCode=true
ProjectManager.LastFirmware=true
ProjectManager.LibraryCopy=0
ProjectManager.MainLocation=Src
ProjectManager.NoMain=false
ProjectManager.PreviousToolchain=
ProjectManager.ProjectBuild=false
ProjectManager.ProjectFileName=SmartMeter.ioc
ProjectManager.ProjectName=SmartMeter
ProjectManager.StackSize=0x400
ProjectManager.TargetToolchain=EWARM V8
ProjectManager.ToolChainLocation=
ProjectManager.UnderRoot=false
ProjectManager.functionlistsort=1-MX_GPIO_Init-GPIO-false-HAL-true,2-SystemClock_Config-RCC-false-HAL-false,3-MX_I2C2_Init-I2C2-false-HAL-true,4-MX_UART5_Init-UART5-false-HAL-true,5-MX_USART1_UART_Init-USART1-false-HAL-true,6-MX_I2C3_Init-I2C3-false-HAL-true,7-MX_QUADSPI_Init-QUADSPI-false-HAL-true,8-MX_RTC_Init-RTC-false-HAL-true,9-MX_TIM5_Init-TIM5-false-HAL-true,10-MX_USART2_UART_Init-USART2-false-HAL-true,11-MX_USART3_UART_Init-USART3-false-HAL-true
RCC.ADCFreq_Value=40000000
RCC.AHBFreq_Value=80000000
RCC.APB1Freq_Value=80000000
RCC.APB1TimFreq_Value=80000000
RCC.APB2Freq_Value=80000000
RCC.APB2TimFreq_Value=80000000
RCC.CortexFreq_Value=80000000
RCC.DFSDMFreq_Value=80000000
RCC.FCLKCortexFreq_Value=80000000
RCC.FamilyName=M
RCC.HCLKFreq_Value=80000000
RCC.HSE_VALUE=40000000
RCC.HSI_VALUE=16000000
RCC.I2C1Freq_Value=80000000
RCC.I2C2Freq_Value=80000000
RCC.I2C3Freq_Value=80000000
RCC.IPParameters=ADCFreq_Value,AHBFreq_Value,APB1Freq_Value,APB1TimFreq_Value,APB2Freq_Value,APB2TimFreq_Value,CortexFreq_Value,DFSDMFreq_Value,FCLKCortexFreq_Value,FamilyName,HCLKFreq_Value,HSE_VALUE,HSI_VALUE,I2C1Freq_Value,I2C2Freq_Value,I2C3Freq_Value,LPTIM1Freq_Value,LPTIM2Freq_Value,LPUART1Freq_Value,LSCOPinFreq_Value,LSI_VALUE,MCO1PinFreq_Value,MSI_VALUE,PLLM,PLLN,PLLPoutputFreq_Value,PLLQoutputFreq_Value,PLLRCLKFreq_Value,PLLSAI1PoutputFreq_Value,PLLSAI1QoutputFreq_Value,PLLSAI1RoutputFreq_Value,PLLSAI2PoutputFreq_Value,PLLSAI2RoutputFreq_Value,PLLSourceVirtual,PWRFreq_Value,RNGFreq_Value,RTCClockSelection,RTCFreq_Value,SAI1Freq_Value,SAI2Freq_Value,SDMMCFreq_Value,SWPMI1Freq_Value,SYSCLKFreq_VALUE,SYSCLKSource,UART4Freq_Value,UART5Freq_Value,USART1Freq_Value,USART2Freq_Value,USART3Freq_Value,VCOInputFreq_Value,VCOOutputFreq_Value,VCOSAI1OutputFreq_Value,VCOSAI2OutputFreq_Value
RCC.LPTIM1Freq_Value=80000000
RCC.LPTIM2Freq_Value=80000000
RCC.LPUART1Freq_Value=80000000
RCC.LSCOPinFreq_Value=32000
RCC.LSI_VALUE=32000
RCC.MCO1PinFreq_Value=80000000
RCC.MSI_VALUE=4000000
RCC.PLLM=4
RCC.PLLN=16
RCC.PLLPoutputFreq_Value=22857142.85714286
RCC.PLLQoutputFreq_Value=80000000
RCC.PLLRCLKFreq_Value=80000000
RCC.PLLSAI1PoutputFreq_Value=11428571.42857143
RCC.PLLSAI1QoutputFreq_Value=40000000
RCC.PLLSAI1RoutputFreq_Value=40000000
RCC.PLLSAI2PoutputFreq_Value=11428571.42857143
RCC.PLLSAI2RoutputFreq_Value=40000000
RCC.PLLSourceVirtual=RCC_PLLSOURCE_HSE
RCC.PWRFreq_Value=80000000
RCC.RNGFreq_Value=40000000
RCC.RTCClockSelection=RCC_RTCCLKSOURCE_LSE
RCC.RTCFreq_Value=32768
RCC.SAI1Freq_Value=11428571.42857143
RCC.SAI2Freq_Value=11428571.42857143
RCC.SDMMCFreq_Value=40000000
RCC.SWPMI1Freq_Value=80000000
RCC.SYSCLKFreq_VALUE=80000000
RCC.SYSCLKSource=RCC_SYSCLKSOURCE_PLLCLK
RCC.UART4Freq_Value=80000000
RCC.UART5Freq_Value=80000000
RCC.USART1Freq_Value=80000000
RCC.USART2Freq_Value=80000000
RCC.USART3Freq_Value=80000000
RCC.VCOInputFreq_Value=10000000
RCC.VCOOutputFreq_Value=160000000
RCC.VCOSAI1OutputFreq_Value=80000000
RCC.VCOSAI2OutputFreq_Value=80000000
SH.S_TIM5_CH4.0=TIM5_CH4,PWM Generation4 CH4
SH.S_TIM5_CH4.ConfNb=1
TIM5.Channel-PWM\ Generation4\ CH4=TIM_CHANNEL_4
TIM5.IPParameters=Channel-PWM Generation4 CH4,Period
TIM5.Period=65535
UART5.BaudRate=2400
UART5.IPParameters=BaudRate
USART1.IPParameters=VirtualMode-Asynchronous
USART1.VirtualMode-Asynchronous=VM_ASYNC
USART2.IPParameters=VirtualMode-Asynchronous
USART2.VirtualMode-Asynchronous=VM_ASYNC
USART3.IPParameters=VirtualMode-Asynchronous
USART3.VirtualMode-Asynchronous=VM_ASYNC
VP_RTC_VS_RTC_Activate.Mode=RTC_Enabled
VP_RTC_VS_RTC_Activate.Signal=RTC_VS_RTC_Activate
VP_RTC_VS_RTC_Calendar.Mode=RTC_Calendar
VP_RTC_VS_RTC_Calendar.Signal=RTC_VS_RTC_Calendar
VP_SYS_VS_Systick.Mode=SysTick
VP_SYS_VS_Systick.Signal=SYS_VS_Systick
VP_TIM5_VS_ClockSourceINT.Mode=Internal
VP_TIM5_VS_ClockSourceINT.Signal=TIM5_VS_ClockSourceINT
board=custom
